
Microsoft Visual Studio Solution File, Format Version 12.00
# Visual Studio Version 16
VisualStudioVersion = 16.0.31112.23
MinimumVisualStudioVersion = 10.0.40219.1
Project("{FAE04EC0-301F-11D3-BF4B-00C04F79EFBC}") = "Club.Business", "src\Club.Business\Club.Business.csproj", "{4AA57819-2DEF-484C-8397-DB493E479A52}"
EndProject
Project("{FAE04EC0-301F-11D3-BF4B-00C04F79EFBC}") = "Club.Data", "src\Club.Data\Club.Data.csproj", "{583F17E7-2581-4D72-A0AD-0D2153EBB009}"
EndProject
Project("{FAE04EC0-301F-11D3-BF4B-00C04F79EFBC}") = "Club.WebApi", "src\Club.WebApi\Club.WebApi.csproj", "{744BB287-C3DA-4061-A4E7-A4DCDBECED45}"
EndProject
Global
	GlobalSection(SolutionConfigurationPlatforms) = preSolution
		Debug|Any CPU = Debug|Any CPU
		Release|Any CPU = Release|Any CPU
	EndGlobalSection
	GlobalSection(ProjectConfigurationPlatforms) = postSolution
		{4AA57819-2DEF-484C-8397-DB493E479A52}.Debug|Any CPU.ActiveCfg = Debug|Any CPU
		{4AA57819-2DEF-484C-8397-DB493E479A52}.Debug|Any CPU.Build.0 = Debug|Any CPU
		{4AA57819-2DEF-484C-8397-DB493E479A52}.Release|Any CPU.ActiveCfg = Release|Any CPU
		{4AA57819-2DEF-484C-8397-DB493E479A52}.Release|Any CPU.Build.0 = Release|Any CPU
		{583F17E7-2581-4D72-A0AD-0D2153EBB009}.Debug|Any CPU.ActiveCfg = Debug|Any CPU
		{583F17E7-2581-4D72-A0AD-0D2153EBB009}.Debug|Any CPU.Build.0 = Debug|Any CPU
		{583F17E7-2581-4D72-A0AD-0D2153EBB009}.Release|Any CPU.ActiveCfg = Release|Any CPU
		{583F17E7-2581-4D72-A0AD-0D2153EBB009}.Release|Any CPU.Build.0 = Release|Any CPU
		{744BB287-C3DA-4061-A4E7-A4DCDBECED45}.Debug|Any CPU.ActiveCfg = Debug|Any CPU
		{744BB287-C3DA-4061-A4E7-A4DCDBECED45}.Debug|Any CPU.Build.0 = Debug|Any CPU
		{744BB287-C3DA-4061-A4E7-A4DCDBECED45}.Release|Any CPU.ActiveCfg = Release|Any CPU
		{744BB287-C3DA-4061-A4E7-A4DCDBECED45}.Release|Any CPU.Build.0 = Release|Any CPU
	EndGlobalSection
	GlobalSection(SolutionProperties) = preSolution
		HideSolutionNode = FALSE
	EndGlobalSection
	GlobalSection(ExtensibilityGlobals) = postSolution
		SolutionGuid = {7BB41F9E-11F9-4B3F-B175-D0171C47E87A}
	EndGlobalSection
EndGlobal
